version = 1
revision = 2
requires-python = ">=3.10"

[[package]]
name = "anyio"
version = "4.10.0"
source = { registry = "https://pypi.org/simple" }
dependencies = [
    { name = "exceptiongroup", marker = "python_full_version < '3.11'" },
    { name = "idna" },
    { name = "sniffio" },
    { name = "typing-extensions", marker = "python_full_version < '3.13'" },
]
sdist = { url = "https://files.pythonhosted.org/packages/f1/b4/636b3b65173d3ce9a38ef5f0522789614e590dab6a8d505340a4efe4c567/anyio-4.10.0.tar.gz", hash = "sha256:3f3fae35c96039744587aa5b8371e7e8e603c0702999535961dd336026973ba6", size = 213252, upload-time = "2025-08-04T08:54:26.451Z" }
wheels = [
    { url = "https://files.pythonhosted.org/packages/6f/12/e5e0282d673bb9746bacfb6e2dba8719989d3660cdb2ea79aee9a9651afb/anyio-4.10.0-py3-none-any.whl", hash = "sha256:60e474ac86736bbfd6f210f7a61218939c318f43f9972497381f1c5e930ed3d1", size = 107213, upload-time = "2025-08-04T08:54:24.882Z" },
]

[[package]]
name = "certifi"
version = "2025.8.3"
source = { registry = "https://pypi.org/simple" }
sdist = { url = "https://files.pythonhosted.org/packages/dc/67/960ebe6bf230a96cda2e0abcf73af550ec4f090005363542f0765df162e0/certifi-2025.8.3.tar.gz", hash = "sha256:e564105f78ded564e3ae7c923924435e1daa7463faeab5bb932bc53ffae63407", size = 162386, upload-time = "2025-08-03T03:07:47.08Z" }
wheels = [
    { url = "https://files.pythonhosted.org/packages/e5/48/1549795ba7742c948d2ad169c1c8cdbae65bc450d6cd753d124b17c8cd32/certifi-2025.8.3-py3-none-any.whl", hash = "sha256:f6c12493cfb1b06ba2ff328595af9350c65d6644968e5d3a2ffd78699af217a5", size = 161216, upload-time = "2025-08-03T03:07:45.777Z" },
]

[[package]]
name = "exceptiongroup"
version = "1.3.0"
source = { registry = "https://pypi.org/simple" }
dependencies = [
    { name = "typing-extensions", marker = "python_full_version < '3.13'" },
]
sdist = { url = "https://files.pythonhosted.org/packages/0b/9f/a65090624ecf468cdca03533906e7c69ed7588582240cfe7cc9e770b50eb/exceptiongroup-1.3.0.tar.gz", hash = "sha256:b241f5885f560bc56a59ee63ca4c6a8bfa46ae4ad651af316d4e81817bb9fd88", size = 29749, upload-time = "2025-05-10T17:42:51.123Z" }
wheels = [
    { url = "https://files.pythonhosted.org/packages/36/f4/c6e662dade71f56cd2f3735141b265c3c79293c109549c1e6933b0651ffc/exceptiongroup-1.3.0-py3-none-any.whl", hash = "sha256:4d111e6e0c13d0644cad6ddaa7ed0261a0b36971f6d23e7ec9b4b9097da78a10", size = 16674, upload-time = "2025-05-10T17:42:49.33Z" },
]

[[package]]
name = "h11"
version = "0.16.0"
source = { registry = "https://pypi.org/simple" }
sdist = { url = "https://files.pythonhosted.org/packages/01/ee/02a2c011bdab74c6fb3c75474d40b3052059d95df7e73351460c8588d963/h11-0.16.0.tar.gz", hash = "sha256:4e35b956cf45792e4caa5885e69fba00bdbc6ffafbfa020300e549b208ee5ff1", size = 101250, upload-time = "2025-04-24T03:35:25.427Z" }
wheels = [
    { url = "https://files.pythonhosted.org/packages/04/4b/29cac41a4d98d144bf5f6d33995617b185d14b22401f75ca86f384e87ff1/h11-0.16.0-py3-none-any.whl", hash = "sha256:63cf8bbe7522de3bf65932fda1d9c2772064ffb3dae62d55932da54b31cb6c86", size = 37515, upload-time = "2025-04-24T03:35:24.344Z" },
]

[[package]]
name = "httpcore"
version = "1.0.9"
source = { registry = "https://pypi.org/simple" }
dependencies = [
    { name = "certifi" },
    { name = "h11" },
]
sdist = { url = "https://files.pythonhosted.org/packages/06/94/82699a10bca87a5556c9c59b5963f2d039dbd239f25bc2a63907a05a14cb/httpcore-1.0.9.tar.gz", hash = "sha256:6e34463af53fd2ab5d807f399a9b45ea31c3dfa2276f15a2c3f00afff6e176e8", size = 85484, upload-time = "2025-04-24T22:06:22.219Z" }
wheels = [
    { url = "https://files.pythonhosted.org/packages/7e/f5/f66802a942d491edb555dd61e3a9961140fd64c90bce1eafd741609d334d/httpcore-1.0.9-py3-none-any.whl", hash = "sha256:2d400746a40668fc9dec9810239072b40b4484b640a8c38fd654a024c7a1bf55", size = 78784, upload-time = "2025-04-24T22:06:20.566Z" },
]

[[package]]
name = "httpx"
version = "0.28.1"
source = { registry = "https://pypi.org/simple" }
dependencies = [
    { name = "anyio" },
    { name = "certifi" },
    { name = "httpcore" },
    { name = "idna" },
]
sdist = { url = "https://files.pythonhosted.org/packages/b1/df/48c586a5fe32a0f01324ee087459e112ebb7224f646c0b5023f5e79e9956/httpx-0.28.1.tar.gz", hash = "sha256:75e98c5f16b0f35b567856f597f06ff2270a374470a5c2392242528e3e3e42fc", size = 141406, upload-time = "2024-12-06T15:37:23.222Z" }
wheels = [
    { url = "https://files.pythonhosted.org/packages/2a/39/e50c7c3a983047577ee07d2a9e53faf5a69493943ec3f6a384bdc792deb2/httpx-0.28.1-py3-none-any.whl", hash = "sha256:d909fcccc110f8c7faf814ca82a9a4d816bc5a6dbfea25d6591d6985b8ba59ad", size = 73517, upload-time = "2024-12-06T15:37:21.509Z" },
]

[[package]]
name = "idna"
version = "3.10"
source = { registry = "https://pypi.org/simple" }
sdist = { url = "https://files.pythonhosted.org/packages/f1/70/7703c29685631f5a7590aa73f1f1d3fa9a380e654b86af429e0934a32f7d/idna-3.10.tar.gz", hash = "sha256:12f65c9b470abda6dc35cf8e63cc574b1c52b11df2c86030af0ac09b01b13ea9", size = 190490, upload-time = "2024-09-15T18:07:39.745Z" }
wheels = [
    { url = "https://files.pythonhosted.org/packages/76/c6/c88e154df9c4e1a2a66ccf0005a88dfb2650c1dffb6f5ce603dfbd452ce3/idna-3.10-py3-none-any.whl", hash = "sha256:946d195a0d259cbba61165e88e65941f16e9b36ea6ddb97f00452bae8b1287d3", size = 70442, upload-time = "2024-09-15T18:07:37.964Z" },
]

[[package]]
name = "iptv"
version = "0.0.2"
source = { virtual = "." }
dependencies = [
    { name = "httpx" },
    { name = "pytz" },
    { name = "selectolax" },
]

[package.metadata]
requires-dist = [
    { name = "httpx", specifier = ">=0.28.1" },
    { name = "pytz", specifier = ">=2025.2" },
    { name = "selectolax", specifier = ">=0.3.33" },
]

[[package]]
name = "pytz"
version = "2025.2"
source = { registry = "https://pypi.org/simple" }
sdist = { url = "https://files.pythonhosted.org/packages/f8/bf/abbd3cdfb8fbc7fb3d4d38d320f2441b1e7cbe29be4f23797b4a2b5d8aac/pytz-2025.2.tar.gz", hash = "sha256:360b9e3dbb49a209c21ad61809c7fb453643e048b38924c765813546746e81c3", size = 320884, upload-time = "2025-03-25T02:25:00.538Z" }
wheels = [
    { url = "https://files.pythonhosted.org/packages/81/c4/34e93fe5f5429d7570ec1fa436f1986fb1f00c3e0f43a589fe2bbcd22c3f/pytz-2025.2-py2.py3-none-any.whl", hash = "sha256:5ddf76296dd8c44c26eb8f4b6f35488f3ccbf6fbbd7adee0b7262d43f0ec2f00", size = 509225, upload-time = "2025-03-25T02:24:58.468Z" },
]

[[package]]
name = "selectolax"
version = "0.3.33"
source = { registry = "https://pypi.org/simple" }
sdist = { url = "https://files.pythonhosted.org/packages/e6/02/d249d3ee4c2b93c0fe2aa2cadcb7b65fda88730028af8853ea6cd2e5434b/selectolax-0.3.33.tar.gz", hash = "sha256:e352abb1621decf7cdf2ef51f245aaf684622a07fabed876eb86e5c69c7ef668", size = 4707132, upload-time = "2025-08-09T16:48:44.519Z" }
wheels = [
    { url = "https://files.pythonhosted.org/packages/16/df/9495965779000c6b9ab7b25abc20c08ac999b24a0d1ef3ca3aade29f042d/selectolax-0.3.33-cp310-cp310-macosx_10_9_x86_64.whl", hash = "sha256:f21eaa43e86f7e5706a8955c2c48ec97a3fe9493b8309c2d99692316e644195b", size = 2076090, upload-time = "2025-08-09T16:47:52.735Z" },
    { url = "https://files.pythonhosted.org/packages/e2/2a/9dc145eab58fc4b159a0987807f4a9bfc68b038513b5fbcbdcccc8c0046b/selectolax-0.3.33-cp310-cp310-macosx_11_0_arm64.whl", hash = "sha256:6bbf2c6bdf3b2ae7ec25f6e13eb9d05b02fd6996b771d719e568b8d816ec11c7", size = 2072590, upload-time = "2025-08-09T16:47:55.03Z" },
    { url = "https://files.pythonhosted.org/packages/1d/0d/76650e6c8c57b8dfab5efe9b0d0147375ec8da3c0fe99cade4d0b4e46c1d/selectolax-0.3.33-cp310-cp310-manylinux2014_aarch64.manylinux_2_17_aarch64.manylinux_2_28_aarch64.whl", hash = "sha256:2f4675ec3f68721f7d484b7fda3e7f6db881e9778b2c378de0c517230e5a7ba4", size = 5569237, upload-time = "2025-08-09T16:47:56.619Z" },
    { url = "https://files.pythonhosted.org/packages/d1/f1/cd070184b6bb07f2fab079b2aefe5a1dcd616b3c22b7d56e2ee9baf5dd5d/selectolax-0.3.33-cp310-cp310-manylinux2014_x86_64.manylinux_2_17_x86_64.manylinux_2_28_x86_64.whl", hash = "sha256:b0812357fa1969eb2097b573841de90712a5f65794948ef607957757e05ad16a", size = 5574444, upload-time = "2025-08-09T16:47:58.527Z" },
    { url = "https://files.pythonhosted.org/packages/fb/31/865d62f275fcf4adf36f6b74065a7d07a92225ba9e74880eddc7778970ad/selectolax-0.3.33-cp310-cp310-win_amd64.whl", hash = "sha256:4c56ccebc84afdbde55298826e2dfa37f4e4199e407a17eb72a30279697f518b", size = 1797337, upload-time = "2025-08-09T16:48:00.107Z" },
    { url = "https://files.pythonhosted.org/packages/b6/13/8e1935d1feea8b548b7f4d2e500ff7ab1070b428e61fc0fb19d4b3d1497a/selectolax-0.3.33-cp310-cp310-win_arm64.whl", hash = "sha256:a0eeac03f34b9094ae67c4bc272447b27a327b8220f4b8e4c559ffffe658a704", size = 1741136, upload-time = "2025-08-09T16:48:01.916Z" },
    { url = "https://files.pythonhosted.org/packages/c1/d8/c7707c826d31dcfc069f6bf8682a3a46a314b80a794b22ae80c952e61508/selectolax-0.3.33-cp311-cp311-macosx_10_9_x86_64.whl", hash = "sha256:4c16bfe02ec09a44892a068804e9a7d8ccfe116b9b6fc315fb32f46be4a6d90b", size = 2083074, upload-time = "2025-08-09T16:48:03.745Z" },
    { url = "https://files.pythonhosted.org/packages/cb/fd/d1e47cbb6c1eb4a9d1a06acfdd07aef170d12e168c6ed586b778d8ce7b23/selectolax-0.3.33-cp311-cp311-macosx_11_0_arm64.whl", hash = "sha256:b9ec7a0bc90bde0e050df69d31dcb9be2a96221e6e6f0b0ff255c860d9de32e7", size = 2079559, upload-time = "2025-08-09T16:48:05.283Z" },
    { url = "https://files.pythonhosted.org/packages/5d/84/1bd0b4acd1f2ca3b658069562a3cb560561172133d83ec456d5dbf470083/selectolax-0.3.33-cp311-cp311-manylinux2014_aarch64.manylinux_2_17_aarch64.manylinux_2_28_aarch64.whl", hash = "sha256:a39ba0b4945eccd1d2cac720ae427baf309c3cb3bd98e94bd80af27d7133a934", size = 5689374, upload-time = "2025-08-09T16:48:06.981Z" },
    { url = "https://files.pythonhosted.org/packages/d8/75/2801733fdfd7634cab7849ba7a456414c323c75f7d36699a45225b12ce2f/selectolax-0.3.33-cp311-cp311-manylinux2014_x86_64.manylinux_2_17_x86_64.manylinux_2_28_x86_64.whl", hash = "sha256:3b13ac722554ba2ed6e473fa8a909965a758e9099d38934ebbf7cffe6c106de3", size = 5696330, upload-time = "2025-08-09T16:48:08.748Z" },
    { url = "https://files.pythonhosted.org/packages/5e/e6/a2f1973092eb8e6738b73de220d3e4b123ce4c156dd2fd06899ceecacbea/selectolax-0.3.33-cp311-cp311-win_amd64.whl", hash = "sha256:d999ac725c369045249364ff47dc4a6ccb8aed87355830a88919db7456e483d2", size = 1799210, upload-time = "2025-08-09T16:48:10.659Z" },
    { url = "https://files.pythonhosted.org/packages/90/49/af398584a92841b674737a2f94f4ee191c8e041535fca7dfd4e687a1c210/selectolax-0.3.33-cp311-cp311-win_arm64.whl", hash = "sha256:f12951da4f4480b2405cc6bc92643eb0b390b6ec56cf6018c6d651f0fb07b493", size = 1740969, upload-time = "2025-08-09T16:48:12.458Z" },
    { url = "https://files.pythonhosted.org/packages/a9/ab/43ecf704e13968fa27c3af85c57c309fa1ca359144e8f1bb72ad7608fd9c/selectolax-0.3.33-cp312-cp312-macosx_10_13_x86_64.whl", hash = "sha256:29229ed8e65d2560a7a32c8f4017e1dee61ee8fc44071d122722755163d7ad1a", size = 2082660, upload-time = "2025-08-09T16:48:13.996Z" },
    { url = "https://files.pythonhosted.org/packages/c0/da/bd3f4af55b387d13f68b335c412afd0388ec518aba9065013e3b0540f5d3/selectolax-0.3.33-cp312-cp312-macosx_11_0_arm64.whl", hash = "sha256:c9b4e9c0873fcbfe5cae3e10fcd0c819a87dff6b6987f30da04b9cb7b0d1dce0", size = 2076770, upload-time = "2025-08-09T16:48:15.441Z" },
    { url = "https://files.pythonhosted.org/packages/13/98/e3a39def520f271722fa51daf0ad1c7c0f7cd4e30ac5b0a94b060a9318ac/selectolax-0.3.33-cp312-cp312-manylinux2014_aarch64.manylinux_2_17_aarch64.manylinux_2_28_aarch64.whl", hash = "sha256:ce67452a7abddb30bf8c5d423ff46e2b4a9da30f27771d34c47f68df299acdee", size = 5792226, upload-time = "2025-08-09T16:48:16.921Z" },
    { url = "https://files.pythonhosted.org/packages/e9/32/54d88e20959aab3a14fa5d75a6863273ca35256eacb29424ed272ef788a6/selectolax-0.3.33-cp312-cp312-manylinux2014_x86_64.manylinux_2_17_x86_64.manylinux_2_28_x86_64.whl", hash = "sha256:bbb686a10249dd70d847afbc67fea2c496ddcfbe6a96cfe4353d8f2da9d3e7e1", size = 5826850, upload-time = "2025-08-09T16:48:18.705Z" },
    { url = "https://files.pythonhosted.org/packages/3b/f7/a3281f0a8aa81b2c6e39200a7782ffb047525f96d53d60ddab2c79009a7a/selectolax-0.3.33-cp312-cp312-win_amd64.whl", hash = "sha256:3330c0dbfa83850d3a78c079dd37d93307cd8ee028bf2ba348aeea036c0795b7", size = 1794655, upload-time = "2025-08-09T16:48:20.237Z" },
    { url = "https://files.pythonhosted.org/packages/51/53/40af4f53af52a85524d4e11c399a8a02471a4fc0af470abd3f68e14e1fc6/selectolax-0.3.33-cp312-cp312-win_arm64.whl", hash = "sha256:d0aed742395fc30d0a91fa01acbf30ed4f01e4d0a75c0e535cce3312d54791de", size = 1732476, upload-time = "2025-08-09T16:48:22.175Z" },
    { url = "https://files.pythonhosted.org/packages/ca/dc/54af23db2099b323659c1d57815736914af90a9a3764458c8041d815a6d9/selectolax-0.3.33-cp313-cp313-macosx_10_13_x86_64.whl", hash = "sha256:0661530655a69d437c5ec02e545d17bd462c791d9a02500136805fefbaed5975", size = 2080318, upload-time = "2025-08-09T16:48:24.055Z" },
    { url = "https://files.pythonhosted.org/packages/d5/ef/cabba21b87a70241c3a9e46c7e8638c211ef3a4021763104ae9b45277321/selectolax-0.3.33-cp313-cp313-macosx_11_0_arm64.whl", hash = "sha256:66e489a06626de8eb2289ada10c91c8ca0eecc4e7b83e6d5ec4652b9a80a4c75", size = 2075524, upload-time = "2025-08-09T16:48:25.53Z" },
    { url = "https://files.pythonhosted.org/packages/71/09/7bc70fe13420b1b43809791004432c4e25eff39c44ef8084071768dcef9d/selectolax-0.3.33-cp313-cp313-manylinux2014_aarch64.manylinux_2_17_aarch64.manylinux_2_28_aarch64.whl", hash = "sha256:1cab500be25c9a9443dd4b047cea26f50e30a1be8f95407b25c9eba5a6c8beaa", size = 5772059, upload-time = "2025-08-09T16:48:27.066Z" },
    { url = "https://files.pythonhosted.org/packages/51/d5/831b1c25d5ee875183c114acfd595365e550f2b75a226d5577d15cf9b978/selectolax-0.3.33-cp313-cp313-manylinux2014_x86_64.manylinux_2_17_x86_64.manylinux_2_28_x86_64.whl", hash = "sha256:48bc6f799d975565ce011e402e19917588e1f34c2849519691dcd2b97b8cfa36", size = 5805851, upload-time = "2025-08-09T16:48:28.849Z" },
    { url = "https://files.pythonhosted.org/packages/89/a8/1ab9e030b76475808365bd32575964e96f5458023c907615c7d0b036b4a9/selectolax-0.3.33-cp313-cp313-win_amd64.whl", hash = "sha256:7f2c467085f7f5f050a259efbc982970793671c6e55e9c05cca8c6f142baf670", size = 1795238, upload-time = "2025-08-09T16:48:30.375Z" },
    { url = "https://files.pythonhosted.org/packages/bb/da/e88c3523c00648708bc13da60c48353a45bb10dee3dd07a87ac469ea0987/selectolax-0.3.33-cp313-cp313-win_arm64.whl", hash = "sha256:f4332d0927e2f12d5d9e30a9eb8b3e72b5a606dcb4914ba9920dd6a3e4e278f6", size = 1732238, upload-time = "2025-08-09T16:48:32.318Z" },
]

[[package]]
name = "sniffio"
version = "1.3.1"
source = { registry = "https://pypi.org/simple" }
sdist = { url = "https://files.pythonhosted.org/packages/a2/87/a6771e1546d97e7e041b6ae58d80074f81b7d5121207425c964ddf5cfdbd/sniffio-1.3.1.tar.gz", hash = "sha256:f4324edc670a0f49750a81b895f35c3adb843cca46f0530f79fc1babb23789dc", size = 20372, upload-time = "2024-02-25T23:20:04.057Z" }
wheels = [
    { url = "https://files.pythonhosted.org/packages/e9/44/75a9c9421471a6c4805dbf2356f7c181a29c1879239abab1ea2cc8f38b40/sniffio-1.3.1-py3-none-any.whl", hash = "sha256:2f6da418d1f1e0fddd844478f41680e794e6051915791a034ff65e5f100525a2", size = 10235, upload-time = "2024-02-25T23:20:01.196Z" },
]

[[package]]
name = "typing-extensions"
version = "4.15.0"
source = { registry = "https://pypi.org/simple" }
sdist = { url = "https://files.pythonhosted.org/packages/72/94/1a15dd82efb362ac84269196e94cf00f187f7ed21c242792a923cdb1c61f/typing_extensions-4.15.0.tar.gz", hash = "sha256:0cea48d173cc12fa28ecabc3b837ea3cf6f38c6d1136f85cbaaf598984861466", size = 109391, upload-time = "2025-08-25T13:49:26.313Z" }
wheels = [
    { url = "https://files.pythonhosted.org/packages/18/67/36e9267722cc04a6b9f15c7f3441c2363321a3ea07da7ae0c0707beb2a9c/typing_extensions-4.15.0-py3-none-any.whl", hash = "sha256:f0fa19c6845758ab08074a0cfa8b7aecb71c999ca73d62883bc25cc018c4e548", size = 44614, upload-time = "2025-08-25T13:49:24.86Z" },
]
